
Microsoft Visual Studio Solution File, Format Version 12.00
# Visual Studio Version 17
VisualStudioVersion = 17.7.34031.279
MinimumVisualStudioVersion = 10.0.40219.1
Project("{FAE04EC0-301F-11D3-BF4B-00C04F79EFBC}") = "RemoteControlProject", "RemoteControlProject.csproj", "{E31F478D-CD3C-47B6-9161-4C4D5E9F34C3}"
EndProject
Global
	GlobalSection(SolutionConfigurationPlatforms) = preSolution
		Debug|Any CPU = Debug|Any CPU
		Release|Any CPU = Release|Any CPU
	EndGlobalSection
	GlobalSection(ProjectConfigurationPlatforms) = postSolution
		{E31F478D-CD3C-47B6-9161-4C4D5E9F34C3}.Debug|Any CPU.ActiveCfg = Debug|Any CPU
		{E31F478D-CD3C-47B6-9161-4C4D5E9F34C3}.Debug|Any CPU.Build.0 = Debug|Any CPU
		{E31F478D-CD3C-47B6-9161-4C4D5E9F34C3}.Release|Any CPU.ActiveCfg = Release|Any CPU
		{E31F478D-CD3C-47B6-9161-4C4D5E9F34C3}.Release|Any CPU.Build.0 = Release|Any CPU
	EndGlobalSection
	GlobalSection(SolutionProperties) = preSolution
		HideSolutionNode = FALSE
	EndGlobalSection
	GlobalSection(ExtensibilityGlobals) = postSolution
		SolutionGuid = {4E473D67-9901-41C3-A8B4-6CB957F3F837}
	EndGlobalSection
EndGlobal
